
Microsoft Visual Studio Solution File, Format Version 12.00
# Visual Studio 15
VisualStudioVersion = 15.0.28307.902
MinimumVisualStudioVersion = 10.0.40219.1
Project("{FAE04EC0-301F-11D3-BF4B-00C04F79EFBC}") = "HelloWordLV", "ConsoleApp2\HelloWordLV.csproj", "{1C245311-1F45-4338-8905-88C4E555ADBE}"
EndProject
Global
	GlobalSection(SolutionConfigurationPlatforms) = preSolution
		Debug|Any CPU = Debug|Any CPU
		Release|Any CPU = Release|Any CPU
	EndGlobalSection
	GlobalSection(ProjectConfigurationPlatforms) = postSolution
		{1C245311-1F45-4338-8905-88C4E555ADBE}.Debug|Any CPU.ActiveCfg = Debug|Any CPU
		{1C245311-1F45-4338-8905-88C4E555ADBE}.Debug|Any CPU.Build.0 = Debug|Any CPU
		{1C245311-1F45-4338-8905-88C4E555ADBE}.Release|Any CPU.ActiveCfg = Release|Any CPU
		{1C245311-1F45-4338-8905-88C4E555ADBE}.Release|Any CPU.Build.0 = Release|Any CPU
	EndGlobalSection
	GlobalSection(SolutionProperties) = preSolution
		HideSolutionNode = FALSE
	EndGlobalSection
	GlobalSection(ExtensibilityGlobals) = postSolution
		SolutionGuid = {708D5879-920C-49D4-A7B5-22420905805F}
	EndGlobalSection
EndGlobal
